<?xml version="1.0" encoding="utf-8"?>
<Project ToolsVersion="4.0" xmlns="http://schemas.microsoft.com/developer/msbuild/2003">
  <ItemGroup>
    <ClCompile Include="..\..\src\main.cpp" />
    <ClCompile Include="..\..\src\mainwindow.cpp" />
    <ClCompile Include="..\..\src\generated\moc_mainwindow.cpp">
      <Filter>generated</Filter>
    </ClCompile>
    <ClCompile Include="..\..\src\custom_widget\QIrrlichtWidget.cpp">
      <Filter>custom_widget</Filter>
    </ClCompile>
    <ClCompile Include="..\..\src\generated\moc_QIrrlichtWidget.cpp">
      <Filter>generated</Filter>
    </ClCompile>
    <ClCompile Include="..\..\src\manager\RenderManager.cpp">
      <Filter>manager</Filter>
    </ClCompile>
  </ItemGroup>
  <ItemGroup>
    <ClInclude Include="..\..\src\mainwindow.h" />
    <ClInclude Include="..\..\src\generated\ui_mainwindow.h">
      <Filter>generated</Filter>
    </ClInclude>
    <ClInclude Include="..\..\src\custom_widget\QIrrlichtWidget.h">
      <Filter>custom_widget</Filter>
    </ClInclude>
    <ClInclude Include="..\..\src\manager\RenderManager.h">
      <Filter>manager</Filter>
    </ClInclude>
    <ClInclude Include="..\..\src\utils\Singleton.h">
      <Filter>utils</Filter>
    </ClInclude>
  </ItemGroup>
  <ItemGroup>
    <Filter Include="generated">
      <UniqueIdentifier>{f39c62f3-b70e-461f-a691-088edbdd9db6}</UniqueIdentifier>
    </Filter>
    <Filter Include="custom_widget">
      <UniqueIdentifier>{193b4fdc-a81f-4853-aa5d-ab7ad93216a0}</UniqueIdentifier>
    </Filter>
    <Filter Include="manager">
      <UniqueIdentifier>{6bb0a3db-6afe-4c77-a50d-853df8e353ac}</UniqueIdentifier>
    </Filter>
    <Filter Include="utils">
      <UniqueIdentifier>{cb3b93c5-4204-46c9-ba6f-e3a49c50dee8}</UniqueIdentifier>
    </Filter>
  </ItemGroup>
</Project>